{
  "nodes": {
    "flake-utils": {
      "inputs": {
        "systems": "systems"
      },
      "locked": {
        "lastModified": 1710146030,
        "narHash": "sha256-SZ5L6eA7HJ/nmkzGG7/ISclqe6oZdOZTNoesiInkXPQ=",
        "owner": "numtide",
        "repo": "flake-utils",
        "rev": "b1d9ab70662946ef0850d488da1c9019f3a9752a",
        "type": "github"
      },
      "original": {
        "owner": "numtide",
        "repo": "flake-utils",
        "type": "github"
      }
    },
    "nerdtree": {
      "flake": false,
      "locked": {
        "lastModified": 1709034659,
        "narHash": "sha256-L0boIIdpVT/UMmxe7NnaatgsGdsSj9HR+zt9Qj5y3Oc=",
        "owner": "scrooloose",
        "repo": "nerdtree",
        "rev": "f3a4d8eaa8ac10305e3d53851c976756ea9dc8e8",
        "type": "github"
      },
      "original": {
        "owner": "scrooloose",
        "repo": "nerdtree",
        "type": "github"
      }
    },
    "nixpkgs": {
      "locked": {
        "lastModified": 1713537308,
        "narHash": "sha256-XtTSSIB2DA6tOv+l0FhvfDMiyCmhoRbNB+0SeInZkbk=",
        "owner": "NixOS",
        "repo": "nixpkgs",
        "rev": "5c24cf2f0a12ad855f444c30b2421d044120c66f",
        "type": "github"
      },
      "original": {
        "owner": "NixOS",
        "ref": "nixos-unstable",
        "repo": "nixpkgs",
        "type": "github"
      }
    },
    "root": {
      "inputs": {
        "flake-utils": "flake-utils",
        "nerdtree": "nerdtree",
        "nixpkgs": "nixpkgs",
        "syntastic": "syntastic",
        "tcomment_vim": "tcomment_vim",
        "vim-codeium": "vim-codeium",
        "vim-gnupg": "vim-gnupg",
        "vim-gutentags": "vim-gutentags",
        "vim-haskell-indent": "vim-haskell-indent",
        "vim-ledger": "vim-ledger",
        "vim-trailing-whitespace": "vim-trailing-whitespace",
        "vim-unimpaired": "vim-unimpaired",
        "xmledit": "xmledit"
      }
    },
    "syntastic": {
      "flake": false,
      "locked": {
        "lastModified": 1657457925,
        "narHash": "sha256-oFhR0R+94zB/xgw42vP+GMRIf6GcckRm5sSp4/9XTXw=",
        "owner": "scrooloose",
        "repo": "syntastic",
        "rev": "8d5e37c29cf5952fbf300b9230bffe424c61a488",
        "type": "github"
      },
      "original": {
        "owner": "scrooloose",
        "repo": "syntastic",
        "type": "github"
      }
    },
    "systems": {
      "locked": {
        "lastModified": 1681028828,
        "narHash": "sha256-Vy1rq5AaRuLzOxct8nz4T6wlgyUR7zLU309k9mBC768=",
        "owner": "nix-systems",
        "repo": "default",
        "rev": "da67096a3b9bf56a91d16901293e51ba5b49a27e",
        "type": "github"
      },
      "original": {
        "owner": "nix-systems",
        "repo": "default",
        "type": "github"
      }
    },
    "tcomment_vim": {
      "flake": false,
      "locked": {
        "lastModified": 1711363004,
        "narHash": "sha256-D8B16ejQ2csahOa49RCENCA1wRY5N0RGFnqxPjbhNR4=",
        "owner": "tomtom",
        "repo": "tcomment_vim",
        "rev": "48ab639a461d9b8344f7fee06cb69b4374863b13",
        "type": "github"
      },
      "original": {
        "owner": "tomtom",
        "repo": "tcomment_vim",
        "type": "github"
      }
    },
    "vim-codeium": {
      "flake": false,
      "locked": {
        "lastModified": 1712034362,
        "narHash": "sha256-I6Ev2m2WXhU3f2hXgjjmPhM2daoTyyScQZ+Oj0DgMB4=",
        "owner": "Exafunction",
        "repo": "codeium.vim",
        "rev": "31dd2962c81759be007895db6ce089feec397c86",
        "type": "github"
      },
      "original": {
        "owner": "Exafunction",
        "repo": "codeium.vim",
        "type": "github"
      }
    },
    "vim-gnupg": {
      "flake": false,
      "locked": {
        "lastModified": 1652927127,
        "narHash": "sha256-B6hSEeNjJdDUDjM0DlmAxc3zRRcJz91//GPk6rCWn6I=",
        "owner": "jamessan",
        "repo": "vim-gnupg",
        "rev": "f9b608f29003dfde6450931dc0f495a912973a88",
        "type": "github"
      },
      "original": {
        "owner": "jamessan",
        "repo": "vim-gnupg",
        "type": "github"
      }
    },
    "vim-gutentags": {
      "flake": false,
      "locked": {
        "lastModified": 1681457336,
        "narHash": "sha256-Y+CFG55h0APxuFwHgUE+o3LJNprBWFyuuZCPrKNgzb4=",
        "owner": "ludovicchabant",
        "repo": "vim-gutentags",
        "rev": "aa47c5e29c37c52176c44e61c780032dfacef3dd",
        "type": "github"
      },
      "original": {
        "owner": "ludovicchabant",
        "repo": "vim-gutentags",
        "type": "github"
      }
    },
    "vim-haskell-indent": {
      "flake": false,
      "locked": {
        "lastModified": 1699353695,
        "narHash": "sha256-uU4UAdHqOPrnWaKApuFATA+CklZ0DqdcKzP6mTxUN6g=",
        "owner": "itchyny",
        "repo": "vim-haskell-indent",
        "rev": "a7423fe3968f04e60d33c76b64c9d4c404c73665",
        "type": "github"
      },
      "original": {
        "owner": "itchyny",
        "repo": "vim-haskell-indent",
        "type": "github"
      }
    },
    "vim-ledger": {
      "flake": false,
      "locked": {
        "lastModified": 1618650148,
        "narHash": "sha256-mewK4AO9Ucb3prxPXWLPwZ6Tg6uA0c+5JhLLidFHVEw=",
        "owner": "gregorias",
        "repo": "vim-ledger",
        "rev": "241a879e46227c8eb5a75523c0333e6156ca6bc9",
        "type": "github"
      },
      "original": {
        "owner": "gregorias",
        "repo": "vim-ledger",
        "type": "github"
      }
    },
    "vim-trailing-whitespace": {
      "flake": false,
      "locked": {
        "lastModified": 1677612319,
        "narHash": "sha256-5HGXzRLRXX0Vquoqt1OwDlcc8wuvirVGx8B6kBHP7oU=",
        "owner": "bronson",
        "repo": "vim-trailing-whitespace",
        "rev": "5540b3faa2288b226a8d9a4e8244558b12c598aa",
        "type": "github"
      },
      "original": {
        "owner": "bronson",
        "repo": "vim-trailing-whitespace",
        "type": "github"
      }
    },
    "vim-unimpaired": {
      "flake": false,
      "locked": {
        "lastModified": 1668992903,
        "narHash": "sha256-KUNmvI5+2yZuPTmtUiRPtkjzMxRaDh5gALsLz5VIaao=",
        "owner": "tpope",
        "repo": "vim-unimpaired",
        "rev": "6d44a6dc2ec34607c41ec78acf81657248580bf1",
        "type": "github"
      },
      "original": {
        "owner": "tpope",
        "repo": "vim-unimpaired",
        "type": "github"
      }
    },
    "xmledit": {
      "flake": false,
      "locked": {
        "lastModified": 1607468275,
        "narHash": "sha256-jKUomdnX9DLH6Flw1b/4go8l0vRPlj86S+JM2ZgIRpk=",
        "owner": "sukima",
        "repo": "xmledit",
        "rev": "6db863497f956ece4b0795fe19cb16d6c57f6543",
        "type": "github"
      },
      "original": {
        "owner": "sukima",
        "repo": "xmledit",
        "type": "github"
      }
    }
  },
  "root": "root",
  "version": 7
}
