{
  "nodes": {
    "flake-utils": {
      "inputs": {
        "systems": "systems"
      },
      "locked": {
        "lastModified": 1687709756,
        "narHash": "sha256-Y5wKlQSkgEK2weWdOu4J3riRd+kV/VCgHsqLNTTWQ/0=",
        "owner": "numtide",
        "repo": "flake-utils",
        "rev": "dbabf0ca0c0c4bce6ea5eaf65af5cb694d2082c7",
        "type": "github"
      },
      "original": {
        "owner": "numtide",
        "repo": "flake-utils",
        "type": "github"
      }
    },
    "nerdtree": {
      "flake": false,
      "locked": {
        "lastModified": 1687332625,
        "narHash": "sha256-cfutUsVAQUywsJk+3g+9z5PmjPI51Dym4wa3sbuNWgw=",
        "owner": "scrooloose",
        "repo": "nerdtree",
        "rev": "c46e12a886b4a6618a9e834c90f6245952567115",
        "type": "github"
      },
      "original": {
        "owner": "scrooloose",
        "repo": "nerdtree",
        "type": "github"
      }
    },
    "nixpkgs": {
      "locked": {
        "lastModified": 1691654369,
        "narHash": "sha256-gSILTEx1jRaJjwZxRlnu3ZwMn1FVNk80qlwiCX8kmpo=",
        "owner": "NixOS",
        "repo": "nixpkgs",
        "rev": "ce5e4a6ef2e59d89a971bc434ca8ca222b9c7f5e",
        "type": "github"
      },
      "original": {
        "owner": "NixOS",
        "ref": "nixos-unstable",
        "repo": "nixpkgs",
        "type": "github"
      }
    },
    "root": {
      "inputs": {
        "flake-utils": "flake-utils",
        "nerdtree": "nerdtree",
        "nixpkgs": "nixpkgs",
        "syntastic": "syntastic",
        "tcomment_vim": "tcomment_vim",
        "vim-codeium": "vim-codeium",
        "vim-gnupg": "vim-gnupg",
        "vim-gutentags": "vim-gutentags",
        "vim-haskell-indent": "vim-haskell-indent",
        "vim-ledger": "vim-ledger",
        "vim-trailing-whitespace": "vim-trailing-whitespace",
        "vim-unimpaired": "vim-unimpaired",
        "xmledit": "xmledit"
      }
    },
    "syntastic": {
      "flake": false,
      "locked": {
        "lastModified": 1657457925,
        "narHash": "sha256-oFhR0R+94zB/xgw42vP+GMRIf6GcckRm5sSp4/9XTXw=",
        "owner": "scrooloose",
        "repo": "syntastic",
        "rev": "8d5e37c29cf5952fbf300b9230bffe424c61a488",
        "type": "github"
      },
      "original": {
        "owner": "scrooloose",
        "repo": "syntastic",
        "type": "github"
      }
    },
    "systems": {
      "locked": {
        "lastModified": 1681028828,
        "narHash": "sha256-Vy1rq5AaRuLzOxct8nz4T6wlgyUR7zLU309k9mBC768=",
        "owner": "nix-systems",
        "repo": "default",
        "rev": "da67096a3b9bf56a91d16901293e51ba5b49a27e",
        "type": "github"
      },
      "original": {
        "owner": "nix-systems",
        "repo": "default",
        "type": "github"
      }
    },
    "tcomment_vim": {
      "flake": false,
      "locked": {
        "lastModified": 1671254443,
        "narHash": "sha256-fe8A6MWfk8CgpkjwCswT9uz01f3s5LUYtU8O2LO11Bo=",
        "owner": "tomtom",
        "repo": "tcomment_vim",
        "rev": "b4930f9da28647e5417d462c341013f88184be7e",
        "type": "github"
      },
      "original": {
        "owner": "tomtom",
        "repo": "tcomment_vim",
        "type": "github"
      }
    },
    "vim-codeium": {
      "flake": false,
      "locked": {
        "lastModified": 1688615212,
        "narHash": "sha256-Hq8efmQBg/zb452NhduA8bGmITPbJUjDD+s/d+2gDLs=",
        "owner": "Exafunction",
        "repo": "codeium.vim",
        "rev": "7e0054abd2e63bc295bf0ba3aba5ce0d39d11752",
        "type": "github"
      },
      "original": {
        "owner": "Exafunction",
        "repo": "codeium.vim",
        "type": "github"
      }
    },
    "vim-gnupg": {
      "flake": false,
      "locked": {
        "lastModified": 1652927127,
        "narHash": "sha256-B6hSEeNjJdDUDjM0DlmAxc3zRRcJz91//GPk6rCWn6I=",
        "owner": "jamessan",
        "repo": "vim-gnupg",
        "rev": "f9b608f29003dfde6450931dc0f495a912973a88",
        "type": "github"
      },
      "original": {
        "owner": "jamessan",
        "repo": "vim-gnupg",
        "type": "github"
      }
    },
    "vim-gutentags": {
      "flake": false,
      "locked": {
        "lastModified": 1665796873,
        "narHash": "sha256-gYBCzYzph6Fv7iL0XP+IvDR34VKINgnpKS7jZ6OC7UM=",
        "owner": "ludovicchabant",
        "repo": "vim-gutentags",
        "rev": "1337b1891b9d98d6f4881982f27aa22b02c80084",
        "type": "github"
      },
      "original": {
        "owner": "ludovicchabant",
        "repo": "vim-gutentags",
        "type": "github"
      }
    },
    "vim-haskell-indent": {
      "flake": false,
      "locked": {
        "lastModified": 1667091461,
        "narHash": "sha256-Y/mabXsZd9NF0550rU9lY2208/o6LENTQpcSb4MnUuU=",
        "owner": "itchyny",
        "repo": "vim-haskell-indent",
        "rev": "32af0fe63e961f56ea7faa66c3baa43460b9acd3",
        "type": "github"
      },
      "original": {
        "owner": "itchyny",
        "repo": "vim-haskell-indent",
        "type": "github"
      }
    },
    "vim-ledger": {
      "flake": false,
      "locked": {
        "lastModified": 1618650148,
        "narHash": "sha256-mewK4AO9Ucb3prxPXWLPwZ6Tg6uA0c+5JhLLidFHVEw=",
        "owner": "gregorias",
        "repo": "vim-ledger",
        "rev": "241a879e46227c8eb5a75523c0333e6156ca6bc9",
        "type": "github"
      },
      "original": {
        "owner": "gregorias",
        "repo": "vim-ledger",
        "type": "github"
      }
    },
    "vim-trailing-whitespace": {
      "flake": false,
      "locked": {
        "lastModified": 1677612319,
        "narHash": "sha256-5HGXzRLRXX0Vquoqt1OwDlcc8wuvirVGx8B6kBHP7oU=",
        "owner": "bronson",
        "repo": "vim-trailing-whitespace",
        "rev": "5540b3faa2288b226a8d9a4e8244558b12c598aa",
        "type": "github"
      },
      "original": {
        "owner": "bronson",
        "repo": "vim-trailing-whitespace",
        "type": "github"
      }
    },
    "vim-unimpaired": {
      "flake": false,
      "locked": {
        "lastModified": 1668992903,
        "narHash": "sha256-KUNmvI5+2yZuPTmtUiRPtkjzMxRaDh5gALsLz5VIaao=",
        "owner": "tpope",
        "repo": "vim-unimpaired",
        "rev": "6d44a6dc2ec34607c41ec78acf81657248580bf1",
        "type": "github"
      },
      "original": {
        "owner": "tpope",
        "repo": "vim-unimpaired",
        "type": "github"
      }
    },
    "xmledit": {
      "flake": false,
      "locked": {
        "lastModified": 1607468275,
        "narHash": "sha256-jKUomdnX9DLH6Flw1b/4go8l0vRPlj86S+JM2ZgIRpk=",
        "owner": "sukima",
        "repo": "xmledit",
        "rev": "6db863497f956ece4b0795fe19cb16d6c57f6543",
        "type": "github"
      },
      "original": {
        "owner": "sukima",
        "repo": "xmledit",
        "type": "github"
      }
    }
  },
  "root": "root",
  "version": 7
}
